{
  "name": "MERN app",
  "lockfileVersion": 3,
  "requires": true,
  "packages": {
    "": {
      "dependencies": {
        "@ionic/react": "^8.2.7",
        "ionicons": "^7.4.0",
        "nodemailer": "^6.9.13",
        "react-paginate": "^8.2.0"
      }
    },
    "node_modules/@ionic/core": {
      "version": "8.2.7",
      "resolved": "https://registry.npmjs.org/@ionic/core/-/core-8.2.7.tgz",
      "integrity": "sha512-pi7cGjgUcX3dMiku7mO/wh1mQ6yHsHZaUQKKor+fabmoL04YSRJCSJfqf9vImMwmegeon9xU6VPZuiJh2HV8YQ==",
      "dependencies": {
        "@stencil/core": "^4.19.2",
        "ionicons": "^7.2.2",
        "tslib": "^2.1.0"
      }
    },
    "node_modules/@ionic/react": {
      "version": "8.2.7",
      "resolved": "https://registry.npmjs.org/@ionic/react/-/react-8.2.7.tgz",
      "integrity": "sha512-f4ZI2rqImQgSb0n3irD7SRcs9xTCNbaUyo1mMoA6sX31zRjFlB0ryadaXL9GDubxaFLc1fxFt7MOBiWi911mlg==",
      "dependencies": {
        "@ionic/core": "8.2.7",
        "ionicons": "^7.0.0",
        "tslib": "*"
      },
      "peerDependencies": {
        "react": ">=16.8.6",
        "react-dom": ">=16.8.6"
      }
    },
    "node_modules/@stencil/core": {
      "version": "4.20.0",
      "resolved": "https://registry.npmjs.org/@stencil/core/-/core-4.20.0.tgz",
      "integrity": "sha512-WPrTHFngvN081RY+dJPneKQLwnOFD60OMCOQGmmSHfCW0f4ujPMzzhwWU1gcSwXPWXz5O+8cBiiCaxAbJU7kAg==",
      "bin": {
        "stencil": "bin/stencil"
      },
      "engines": {
        "node": ">=16.0.0",
        "npm": ">=7.10.0"
      }
    },
    "node_modules/ionicons": {
      "version": "7.4.0",
      "resolved": "https://registry.npmjs.org/ionicons/-/ionicons-7.4.0.tgz",
      "integrity": "sha512-ZK94MMqgzMCPPMhmk8Ouu6goyVHFIlw/ACP6oe3FrikcI0N7CX0xcwVaEbUc0G/v3W0shI93vo+9ve/KpvcNhQ==",
      "dependencies": {
        "@stencil/core": "^4.0.3"
      }
    },
    "node_modules/js-tokens": {
      "version": "4.0.0",
      "resolved": "https://registry.npmjs.org/js-tokens/-/js-tokens-4.0.0.tgz",
      "integrity": "sha512-RdJUflcE3cUzKiMqQgsCu06FPu9UdIJO0beYbPhHN4k6apgJtifcoCtT9bcxOpYBtpD2kCM6Sbzg4CausW/PKQ=="
    },
    "node_modules/loose-envify": {
      "version": "1.4.0",
      "resolved": "https://registry.npmjs.org/loose-envify/-/loose-envify-1.4.0.tgz",
      "integrity": "sha512-lyuxPGr/Wfhrlem2CL/UcnUc1zcqKAImBDzukY7Y5F/yQiNdko6+fRLevlw1HgMySw7f611UIY408EtxRSoK3Q==",
      "dependencies": {
        "js-tokens": "^3.0.0 || ^4.0.0"
      },
      "bin": {
        "loose-envify": "cli.js"
      }
    },
    "node_modules/nodemailer": {
      "version": "6.9.13",
      "resolved": "https://registry.npmjs.org/nodemailer/-/nodemailer-6.9.13.tgz",
      "integrity": "sha512-7o38Yogx6krdoBf3jCAqnIN4oSQFx+fMa0I7dK1D+me9kBxx12D+/33wSb+fhOCtIxvYJ+4x4IMEhmhCKfAiOA==",
      "engines": {
        "node": ">=6.0.0"
      }
    },
    "node_modules/object-assign": {
      "version": "4.1.1",
      "resolved": "https://registry.npmjs.org/object-assign/-/object-assign-4.1.1.tgz",
      "integrity": "sha512-rJgTQnkUnH1sFw8yT6VSU3zD3sWmu6sZhIseY8VX+GRu3P6F7Fu+JNDoXfklElbLJSnc3FUQHVe4cU5hj+BcUg==",
      "engines": {
        "node": ">=0.10.0"
      }
    },
    "node_modules/prop-types": {
      "version": "15.8.1",
      "resolved": "https://registry.npmjs.org/prop-types/-/prop-types-15.8.1.tgz",
      "integrity": "sha512-oj87CgZICdulUohogVAR7AjlC0327U4el4L6eAvOqCeudMDVU0NThNaV+b9Df4dXgSP1gXMTnPdhfe/2qDH5cg==",
      "dependencies": {
        "loose-envify": "^1.4.0",
        "object-assign": "^4.1.1",
        "react-is": "^16.13.1"
      }
    },
    "node_modules/react": {
      "version": "18.3.1",
      "resolved": "https://registry.npmjs.org/react/-/react-18.3.1.tgz",
      "integrity": "sha512-wS+hAgJShR0KhEvPJArfuPVN1+Hz1t0Y6n5jLrGQbkb4urgPE/0Rve+1kMB1v/oWgHgm4WIcV+i7F2pTVj+2iQ==",
      "peer": true,
      "dependencies": {
        "loose-envify": "^1.1.0"
      },
      "engines": {
        "node": ">=0.10.0"
      }
    },
    "node_modules/react-dom": {
      "version": "18.3.1",
      "resolved": "https://registry.npmjs.org/react-dom/-/react-dom-18.3.1.tgz",
      "integrity": "sha512-5m4nQKp+rZRb09LNH59GM4BxTh9251/ylbKIbpe7TpGxfJ+9kv6BLkLBXIjjspbgbnIBNqlI23tRnTWT0snUIw==",
      "peer": true,
      "dependencies": {
        "loose-envify": "^1.1.0",
        "scheduler": "^0.23.2"
      },
      "peerDependencies": {
        "react": "^18.3.1"
      }
    },
    "node_modules/react-is": {
      "version": "16.13.1",
      "resolved": "https://registry.npmjs.org/react-is/-/react-is-16.13.1.tgz",
      "integrity": "sha512-24e6ynE2H+OKt4kqsOvNd8kBpV65zoxbA4BVsEOB3ARVWQki/DHzaUoC5KuON/BiccDaCCTZBuOcfZs70kR8bQ=="
    },
    "node_modules/react-paginate": {
      "version": "8.2.0",
      "resolved": "https://registry.npmjs.org/react-paginate/-/react-paginate-8.2.0.tgz",
      "integrity": "sha512-sJCz1PW+9PNIjUSn919nlcRVuleN2YPoFBOvL+6TPgrH/3lwphqiSOgdrLafLdyLDxsgK+oSgviqacF4hxsDIw==",
      "dependencies": {
        "prop-types": "^15"
      },
      "peerDependencies": {
        "react": "^16 || ^17 || ^18"
      }
    },
    "node_modules/scheduler": {
      "version": "0.23.2",
      "resolved": "https://registry.npmjs.org/scheduler/-/scheduler-0.23.2.tgz",
      "integrity": "sha512-UOShsPwz7NrMUqhR6t0hWjFduvOzbtv7toDH1/hIrfRNIDBnnBWd0CwJTGvTpngVlmwGCdP9/Zl/tVrDqcuYzQ==",
      "peer": true,
      "dependencies": {
        "loose-envify": "^1.1.0"
      }
    },
    "node_modules/tslib": {
      "version": "2.6.3",
      "resolved": "https://registry.npmjs.org/tslib/-/tslib-2.6.3.tgz",
      "integrity": "sha512-xNvxJEOUiWPGhUuUdQgAJPKOOJfGnIyKySOc09XkKsgdUV/3E2zvwZYdejjmRgPCgcym1juLH3226yA7sEFJKQ=="
    }
  }
}
